
Microsoft Visual Studio Solution File, Format Version 12.00
# Visual Studio Version 17
VisualStudioVersion = 17.2.32616.157
MinimumVisualStudioVersion = 10.0.40219.1
Project("{9A19103F-16F7-4668-BE54-9A1E7A4F7556}") = "RandomBundles", "RandomBundles\RandomBundles.csproj", "{CFAEE1DB-B56A-4413-8E01-E30591E8B5C8}"
EndProject
Project("{9A19103F-16F7-4668-BE54-9A1E7A4F7556}") = "UnlockedBundles", "UnlockedBundles\UnlockedBundles.csproj", "{3917B143-214B-4DEC-B133-722D31A7048C}"
EndProject
Project("{9A19103F-16F7-4668-BE54-9A1E7A4F7556}") = "OutdoorPlacementFix", "OutdoorPlacementFix\OutdoorPlacementFix.csproj", "{72CE1A1B-A7C2-4A7D-842D-CECD3D1ED630}"
EndProject
Project("{9A19103F-16F7-4668-BE54-9A1E7A4F7556}") = "StardropIncreaseHealth", "StardropIncreaseHealth\StardropIncreaseHealth.csproj", "{73FB26AA-A1BF-4389-BD4D-D9B936F0398F}"
EndProject
Project("{9A19103F-16F7-4668-BE54-9A1E7A4F7556}") = "FishPondQuality", "FishPondQuality\FishPondQuality.csproj", "{3C74EFB8-1377-4667-94E8-4EC8928AC795}"
EndProject
Project("{FAE04EC0-301F-11D3-BF4B-00C04F79EFBC}") = "CrabPotFish", "CrabPotFish\CrabPotFish.csproj", "{6D0EE375-1AFD-4129-B760-C543F6A38059}"
EndProject
Project("{FAE04EC0-301F-11D3-BF4B-00C04F79EFBC}") = "QualityCrabPot", "QualityCrabPot\QualityCrabPot.csproj", "{F243ED6A-AA02-44CD-864E-33F67578F91C}"
EndProject
Global
	GlobalSection(SolutionConfigurationPlatforms) = preSolution
		Debug|Any CPU = Debug|Any CPU
		Release|Any CPU = Release|Any CPU
	EndGlobalSection
	GlobalSection(ProjectConfigurationPlatforms) = postSolution
		{CFAEE1DB-B56A-4413-8E01-E30591E8B5C8}.Debug|Any CPU.ActiveCfg = Debug|Any CPU
		{CFAEE1DB-B56A-4413-8E01-E30591E8B5C8}.Debug|Any CPU.Build.0 = Debug|Any CPU
		{CFAEE1DB-B56A-4413-8E01-E30591E8B5C8}.Release|Any CPU.ActiveCfg = Release|Any CPU
		{CFAEE1DB-B56A-4413-8E01-E30591E8B5C8}.Release|Any CPU.Build.0 = Release|Any CPU
		{3917B143-214B-4DEC-B133-722D31A7048C}.Debug|Any CPU.ActiveCfg = Debug|Any CPU
		{3917B143-214B-4DEC-B133-722D31A7048C}.Debug|Any CPU.Build.0 = Debug|Any CPU
		{3917B143-214B-4DEC-B133-722D31A7048C}.Release|Any CPU.ActiveCfg = Release|Any CPU
		{3917B143-214B-4DEC-B133-722D31A7048C}.Release|Any CPU.Build.0 = Release|Any CPU
		{72CE1A1B-A7C2-4A7D-842D-CECD3D1ED630}.Debug|Any CPU.ActiveCfg = Debug|Any CPU
		{72CE1A1B-A7C2-4A7D-842D-CECD3D1ED630}.Debug|Any CPU.Build.0 = Debug|Any CPU
		{72CE1A1B-A7C2-4A7D-842D-CECD3D1ED630}.Release|Any CPU.ActiveCfg = Release|Any CPU
		{72CE1A1B-A7C2-4A7D-842D-CECD3D1ED630}.Release|Any CPU.Build.0 = Release|Any CPU
		{73FB26AA-A1BF-4389-BD4D-D9B936F0398F}.Debug|Any CPU.ActiveCfg = Debug|Any CPU
		{73FB26AA-A1BF-4389-BD4D-D9B936F0398F}.Debug|Any CPU.Build.0 = Debug|Any CPU
		{73FB26AA-A1BF-4389-BD4D-D9B936F0398F}.Release|Any CPU.ActiveCfg = Release|Any CPU
		{73FB26AA-A1BF-4389-BD4D-D9B936F0398F}.Release|Any CPU.Build.0 = Release|Any CPU
		{3C74EFB8-1377-4667-94E8-4EC8928AC795}.Debug|Any CPU.ActiveCfg = Debug|Any CPU
		{3C74EFB8-1377-4667-94E8-4EC8928AC795}.Debug|Any CPU.Build.0 = Debug|Any CPU
		{3C74EFB8-1377-4667-94E8-4EC8928AC795}.Release|Any CPU.ActiveCfg = Release|Any CPU
		{3C74EFB8-1377-4667-94E8-4EC8928AC795}.Release|Any CPU.Build.0 = Release|Any CPU
		{6D0EE375-1AFD-4129-B760-C543F6A38059}.Debug|Any CPU.ActiveCfg = Debug|Any CPU
		{6D0EE375-1AFD-4129-B760-C543F6A38059}.Debug|Any CPU.Build.0 = Debug|Any CPU
		{6D0EE375-1AFD-4129-B760-C543F6A38059}.Release|Any CPU.ActiveCfg = Release|Any CPU
		{6D0EE375-1AFD-4129-B760-C543F6A38059}.Release|Any CPU.Build.0 = Release|Any CPU
		{F243ED6A-AA02-44CD-864E-33F67578F91C}.Debug|Any CPU.ActiveCfg = Debug|Any CPU
		{F243ED6A-AA02-44CD-864E-33F67578F91C}.Debug|Any CPU.Build.0 = Debug|Any CPU
		{F243ED6A-AA02-44CD-864E-33F67578F91C}.Release|Any CPU.ActiveCfg = Release|Any CPU
		{F243ED6A-AA02-44CD-864E-33F67578F91C}.Release|Any CPU.Build.0 = Release|Any CPU
	EndGlobalSection
	GlobalSection(SolutionProperties) = preSolution
		HideSolutionNode = FALSE
	EndGlobalSection
	GlobalSection(ExtensibilityGlobals) = postSolution
		SolutionGuid = {CCE5B4AC-727D-4811-8610-55A86C6F29FF}
	EndGlobalSection
EndGlobal
